// !$*UTF8*$!
{
	archiveVersion = 1;
	classes = {
	};
	objectVersion = 48;
	objects = {

/* Begin PBXBuildFile section */
		C0097CC32021ECCD0098144A /* AppDelegate.m in Sources */ = {isa = PBXBuildFile; fileRef = C0097CC22021ECCD0098144A /* AppDelegate.m */; };
		C0097CC62021ECCD0098144A /* ViewController.m in Sources */ = {isa = PBXBuildFile; fileRef = C0097CC52021ECCD0098144A /* ViewController.m */; };
		C0097CC92021ECCD0098144A /* Main.storyboard in Resources */ = {isa = PBXBuildFile; fileRef = C0097CC72021ECCD0098144A /* Main.storyboard */; };
		C0097CCB2021ECCD0098144A /* Assets.xcassets in Resources */ = {isa = PBXBuildFile; fileRef = C0097CCA2021ECCD0098144A /* Assets.xcassets */; };
		C0097CCE2021ECCD0098144A /* LaunchScreen.storyboard in Resources */ = {isa = PBXBuildFile; fileRef = C0097CCC2021ECCD0098144A /* LaunchScreen.storyboard */; };
		C0097CD12021ECCD0098144A /* main.m in Sources */ = {isa = PBXBuildFile; fileRef = C0097CD02021ECCD0098144A /* main.m */; };
		C0097CDB2021ECCD0098144A /* TestFirstTests.m in Sources */ = {isa = PBXBuildFile; fileRef = C0097CDA2021ECCD0098144A /* TestFirstTests.m */; };
		C0097CE62021ECCD0098144A /* TestFirstUITests.m in Sources */ = {isa = PBXBuildFile; fileRef = C0097CE52021ECCD0098144A /* TestFirstUITests.m */; };
		C0097CF42021ECE90098144A /* work.gpx in Resources */ = {isa = PBXBuildFile; fileRef = C0097CF32021ECE90098144A /* work.gpx */; };
/* End PBXBuildFile section */

/* Begin PBXContainerItemProxy section */
		C0097CD72021ECCD0098144A /* PBXContainerItemProxy */ = {
			isa = PBXContainerItemProxy;
			containerPortal = C0097CB62021ECCD0098144A /* Project object */;
			proxyType = 1;
			remoteGlobalIDString = C0097CBD2021ECCD0098144A;
			remoteInfo = TestFirst;
		};
		C0097CE22021ECCD0098144A /* PBXContainerItemProxy */ = {
			isa = PBXContainerItemProxy;
			containerPortal = C0097CB62021ECCD0098144A /* Project object */;
			proxyType = 1;
			remoteGlobalIDString = C0097CBD2021ECCD0098144A;
			remoteInfo = TestFirst;
		};
/* End PBXContainerItemProxy section */

/* Begin PBXFileReference section */
		C0097CBE2021ECCD0098144A /* TestFirst.app */ = {isa = PBXFileReference; explicitFileType = wrapper.application; includeInIndex = 0; path = TestFirst.app; sourceTree = BUILT_PRODUCTS_DIR; };
		C0097CC12021ECCD0098144A /* AppDelegate.h */ = {isa = PBXFileReference; lastKnownFileType = sourcecode.c.h; path = AppDelegate.h; sourceTree = "<group>"; };
		C0097CC22021ECCD0098144A /* AppDelegate.m */ = {isa = PBXFileReference; lastKnownFileType = sourcecode.c.objc; path = AppDelegate.m; sourceTree = "<group>"; };
		C0097CC42021ECCD0098144A /* ViewController.h */ = {isa = PBXFileReference; lastKnownFileType = sourcecode.c.h; path = ViewController.h; sourceTree = "<group>"; };
		C0097CC52021ECCD0098144A /* ViewController.m */ = {isa = PBXFileReference; lastKnownFileType = sourcecode.c.objc; path = ViewController.m; sourceTree = "<group>"; };
		C0097CC82021ECCD0098144A /* Base */ = {isa = PBXFileReference; lastKnownFileType = file.storyboard; name = Base; path = Base.lproj/Main.storyboard; sourceTree = "<group>"; };
		C0097CCA2021ECCD0098144A /* Assets.xcassets */ = {isa = PBXFileReference; lastKnownFileType = folder.assetcatalog; path = Assets.xcassets; sourceTree = "<group>"; };
		C0097CCD2021ECCD0098144A /* Base */ = {isa = PBXFileReference; lastKnownFileType = file.storyboard; name = Base; path = Base.lproj/LaunchScreen.storyboard; sourceTree = "<group>"; };
		C0097CCF2021ECCD0098144A /* Info.plist */ = {isa = PBXFileReference; lastKnownFileType = text.plist.xml; path = Info.plist; sourceTree = "<group>"; };
		C0097CD02021ECCD0098144A /* main.m */ = {isa = PBXFileReference; lastKnownFileType = sourcecode.c.objc; path = main.m; sourceTree = "<group>"; };
		C0097CD62021ECCD0098144A /* TestFirstTests.xctest */ = {isa = PBXFileReference; explicitFileType = wrapper.cfbundle; includeInIndex = 0; path = TestFirstTests.xctest; sourceTree = BUILT_PRODUCTS_DIR; };
		C0097CDA2021ECCD0098144A /* TestFirstTests.m */ = {isa = PBXFileReference; lastKnownFileType = sourcecode.c.objc; path = TestFirstTests.m; sourceTree = "<group>"; };
		C0097CDC2021ECCD0098144A /* Info.plist */ = {isa = PBXFileReference; lastKnownFileType = text.plist.xml; path = Info.plist; sourceTree = "<group>"; };
		C0097CE12021ECCD0098144A /* TestFirstUITests.xctest */ = {isa = PBXFileReference; explicitFileType = wrapper.cfbundle; includeInIndex = 0; path = TestFirstUITests.xctest; sourceTree = BUILT_PRODUCTS_DIR; };
		C0097CE52021ECCD0098144A /* TestFirstUITests.m */ = {isa = PBXFileReference; lastKnownFileType = sourcecode.c.objc; path = TestFirstUITests.m; sourceTree = "<group>"; };
		C0097CE72021ECCD0098144A /* Info.plist */ = {isa = PBXFileReference; lastKnownFileType = text.plist.xml; path = Info.plist; sourceTree = "<group>"; };
		C0097CF32021ECE90098144A /* work.gpx */ = {isa = PBXFileReference; fileEncoding = 4; lastKnownFileType = text.xml; name = work.gpx; path = ../../../Desktop/work.gpx; sourceTree = "<group>"; };
/* End PBXFileReference section */

/* Begin PBXFrameworksBuildPhase section */
		C0097CBB2021ECCD0098144A /* Frameworks */ = {
			isa = PBXFrameworksBuildPhase;
			buildActionMask = 2147483647;
			files = (
			);
			runOnlyForDeploymentPostprocessing = 0;
		};
		C0097CD32021ECCD0098144A /* Frameworks */ = {
			isa = PBXFrameworksBuildPhase;
			buildActionMask = 2147483647;
			files = (
			);
			runOnlyForDeploymentPostprocessing = 0;
		};
		C0097CDE2021ECCD0098144A /* Frameworks */ = {
			isa = PBXFrameworksBuildPhase;
			buildActionMask = 2147483647;
			files = (
			);
			runOnlyForDeploymentPostprocessing = 0;
		};
/* End PBXFrameworksBuildPhase section */

/* Begin PBXGroup section */
		C0097CB52021ECCD0098144A = {
			isa = PBXGroup;
			children = (
				C0097CC02021ECCD0098144A /* TestFirst */,
				C0097CD92021ECCD0098144A /* TestFirstTests */,
				C0097CE42021ECCD0098144A /* TestFirstUITests */,
				C0097CBF2021ECCD0098144A /* Products */,
			);
			sourceTree = "<group>";
		};
		C0097CBF2021ECCD0098144A /* Products */ = {
			isa = PBXGroup;
			children = (
				C0097CBE2021ECCD0098144A /* TestFirst.app */,
				C0097CD62021ECCD0098144A /* TestFirstTests.xctest */,
				C0097CE12021ECCD0098144A /* TestFirstUITests.xctest */,
			);
			name = Products;
			sourceTree = "<group>";
		};
		C0097CC02021ECCD0098144A /* TestFirst */ = {
			isa = PBXGroup;
			children = (
				C0097CF32021ECE90098144A /* work.gpx */,
				C0097CC12021ECCD0098144A /* AppDelegate.h */,
				C0097CC22021ECCD0098144A /* AppDelegate.m */,
				C0097CC42021ECCD0098144A /* ViewController.h */,
				C0097CC52021ECCD0098144A /* ViewController.m */,
				C0097CC72021ECCD0098144A /* Main.storyboard */,
				C0097CCA2021ECCD0098144A /* Assets.xcassets */,
				C0097CCC2021ECCD0098144A /* LaunchScreen.storyboard */,
				C0097CCF2021ECCD0098144A /* Info.plist */,
				C0097CD02021ECCD0098144A /* main.m */,
			);
			path = TestFirst;
			sourceTree = "<group>";
		};
		C0097CD92021ECCD0098144A /* TestFirstTests */ = {
			isa = PBXGroup;
			children = (
				C0097CDA2021ECCD0098144A /* TestFirstTests.m */,
				C0097CDC2021ECCD0098144A /* Info.plist */,
			);
			path = TestFirstTests;
			sourceTree = "<group>";
		};
		C0097CE42021ECCD0098144A /* TestFirstUITests */ = {
			isa = PBXGroup;
			children = (
				C0097CE52021ECCD0098144A /* TestFirstUITests.m */,
				C0097CE72021ECCD0098144A /* Info.plist */,
			);
			path = TestFirstUITests;
			sourceTree = "<group>";
		};
/* End PBXGroup section */

/* Begin PBXNativeTarget section */
		C0097CBD2021ECCD0098144A /* TestFirst */ = {
			isa = PBXNativeTarget;
			buildConfigurationList = C0097CEA2021ECCD0098144A /* Build configuration list for PBXNativeTarget "TestFirst" */;
			buildPhases = (
				C0097CBA2021ECCD0098144A /* Sources */,
				C0097CBB2021ECCD0098144A /* Frameworks */,
				C0097CBC2021ECCD0098144A /* Resources */,
			);
			buildRules = (
			);
			dependencies = (
			);
			name = TestFirst;
			productName = TestFirst;
			productReference = C0097CBE2021ECCD0098144A /* TestFirst.app */;
			productType = "com.apple.product-type.application";
		};
		C0097CD52021ECCD0098144A /* TestFirstTests */ = {
			isa = PBXNativeTarget;
			buildConfigurationList = C0097CED2021ECCD0098144A /* Build configuration list for PBXNativeTarget "TestFirstTests" */;
			buildPhases = (
				C0097CD22021ECCD0098144A /* Sources */,
				C0097CD32021ECCD0098144A /* Frameworks */,
				C0097CD42021ECCD0098144A /* Resources */,
			);
			buildRules = (
			);
			dependencies = (
				C0097CD82021ECCD0098144A /* PBXTargetDependency */,
			);
			name = TestFirstTests;
			productName = TestFirstTests;
			productReference = C0097CD62021ECCD0098144A /* TestFirstTests.xctest */;
			productType = "com.apple.product-type.bundle.unit-test";
		};
		C0097CE02021ECCD0098144A /* TestFirstUITests */ = {
			isa = PBXNativeTarget;
			buildConfigurationList = C0097CF02021ECCD0098144A /* Build configuration list for PBXNativeTarget "TestFirstUITests" */;
			buildPhases = (
				C0097CDD2021ECCD0098144A /* Sources */,
				C0097CDE2021ECCD0098144A /* Frameworks */,
				C0097CDF2021ECCD0098144A /* Resources */,
			);
			buildRules = (
			);
			dependencies = (
				C0097CE32021ECCD0098144A /* PBXTargetDependency */,
			);
			name = TestFirstUITests;
			productName = TestFirstUITests;
			productReference = C0097CE12021ECCD0098144A /* TestFirstUITests.xctest */;
			productType = "com.apple.product-type.bundle.ui-testing";
		};
/* End PBXNativeTarget section */

/* Begin PBXProject section */
		C0097CB62021ECCD0098144A /* Project object */ = {
			isa = PBXProject;
			attributes = {
				LastUpgradeCheck = 0920;
				ORGANIZATIONNAME = AG;
				TargetAttributes = {
					C0097CBD2021ECCD0098144A = {
						CreatedOnToolsVersion = 9.2;
						ProvisioningStyle = Automatic;
					};
					C0097CD52021ECCD0098144A = {
						CreatedOnToolsVersion = 9.2;
						ProvisioningStyle = Automatic;
						TestTargetID = C0097CBD2021ECCD0098144A;
					};
					C0097CE02021ECCD0098144A = {
						CreatedOnToolsVersion = 9.2;
						ProvisioningStyle = Automatic;
						TestTargetID = C0097CBD2021ECCD0098144A;
					};
				};
			};
			buildConfigurationList = C0097CB92021ECCD0098144A /* Build configuration list for PBXProject "TestFirst" */;
			compatibilityVersion = "Xcode 8.0";
			developmentRegion = en;
			hasScannedForEncodings = 0;
			knownRegions = (
				en,
				Base,
			);
			mainGroup = C0097CB52021ECCD0098144A;
			productRefGroup = C0097CBF2021ECCD0098144A /* Products */;
			projectDirPath = "";
			projectRoot = "";
			targets = (
				C0097CBD2021ECCD0098144A /* TestFirst */,
				C0097CD52021ECCD0098144A /* TestFirstTests */,
				C0097CE02021ECCD0098144A /* TestFirstUITests */,
			);
		};
/* End PBXProject section */

/* Begin PBXResourcesBuildPhase section */
		C0097CBC2021ECCD0098144A /* Resources */ = {
			isa = PBXResourcesBuildPhase;
			buildActionMask = 2147483647;
			files = (
				C0097CF42021ECE90098144A /* work.gpx in Resources */,
				C0097CCE2021ECCD0098144A /* LaunchScreen.storyboard in Resources */,
				C0097CCB2021ECCD0098144A /* Assets.xcassets in Resources */,
				C0097CC92021ECCD0098144A /* Main.storyboard in Resources */,
			);
			runOnlyForDeploymentPostprocessing = 0;
		};
		C0097CD42021ECCD0098144A /* Resources */ = {
			isa = PBXResourcesBuildPhase;
			buildActionMask = 2147483647;
			files = (
			);
			runOnlyForDeploymentPostprocessing = 0;
		};
		C0097CDF2021ECCD0098144A /* Resources */ = {
			isa = PBXResourcesBuildPhase;
			buildActionMask = 2147483647;
			files = (
			);
			runOnlyForDeploymentPostprocessing = 0;
		};
/* End PBXResourcesBuildPhase section */

/* Begin PBXSourcesBuildPhase section */
		C0097CBA2021ECCD0098144A /* Sources */ = {
			isa = PBXSourcesBuildPhase;
			buildActionMask = 2147483647;
			files = (
				C0097CC62021ECCD0098144A /* ViewController.m in Sources */,
				C0097CD12021ECCD0098144A /* main.m in Sources */,
				C0097CC32021ECCD0098144A /* AppDelegate.m in Sources */,
			);
			runOnlyForDeploymentPostprocessing = 0;
		};
		C0097CD22021ECCD0098144A /* Sources */ = {
			isa = PBXSourcesBuildPhase;
			buildActionMask = 2147483647;
			files = (
				C0097CDB2021ECCD0098144A /* TestFirstTests.m in Sources */,
			);
			runOnlyForDeploymentPostprocessing = 0;
		};
		C0097CDD2021ECCD0098144A /* Sources */ = {
			isa = PBXSourcesBuildPhase;
			buildActionMask = 2147483647;
			files = (
				C0097CE62021ECCD0098144A /* TestFirstUITests.m in Sources */,
			);
			runOnlyForDeploymentPostprocessing = 0;
		};
/* End PBXSourcesBuildPhase section */

/* Begin PBXTargetDependency section */
		C0097CD82021ECCD0098144A /* PBXTargetDependency */ = {
			isa = PBXTargetDependency;
			target = C0097CBD2021ECCD0098144A /* TestFirst */;
			targetProxy = C0097CD72021ECCD0098144A /* PBXContainerItemProxy */;
		};
		C0097CE32021ECCD0098144A /* PBXTargetDependency */ = {
			isa = PBXTargetDependency;
			target = C0097CBD2021ECCD0098144A /* TestFirst */;
			targetProxy = C0097CE22021ECCD0098144A /* PBXContainerItemProxy */;
		};
/* End PBXTargetDependency section */

/* Begin PBXVariantGroup section */
		C0097CC72021ECCD0098144A /* Main.storyboard */ = {
			isa = PBXVariantGroup;
			children = (
				C0097CC82021ECCD0098144A /* Base */,
			);
			name = Main.storyboard;
			sourceTree = "<group>";
		};
		C0097CCC2021ECCD0098144A /* LaunchScreen.storyboard */ = {
			isa = PBXVariantGroup;
			children = (
				C0097CCD2021ECCD0098144A /* Base */,
			);
			name = LaunchScreen.storyboard;
			sourceTree = "<group>";
		};
/* End PBXVariantGroup section */

/* Begin XCBuildConfiguration section */
		C0097CE82021ECCD0098144A /* Debug */ = {
			isa = XCBuildConfiguration;
			buildSettings = {
				ALWAYS_SEARCH_USER_PATHS = NO;
				CLANG_ANALYZER_NONNULL = YES;
				CLANG_ANALYZER_NUMBER_OBJECT_CONVERSION = YES_AGGRESSIVE;
				CLANG_CXX_LANGUAGE_STANDARD = "gnu++14";
				CLANG_CXX_LIBRARY = "libc++";
				CLANG_ENABLE_MODULES = YES;
				CLANG_ENABLE_OBJC_ARC = YES;
				CLANG_WARN_BLOCK_CAPTURE_AUTORELEASING = YES;
				CLANG_WARN_BOOL_CONVERSION = YES;
				CLANG_WARN_COMMA = YES;
				CLANG_WARN_CONSTANT_CONVERSION = YES;
				CLANG_WARN_DIRECT_OBJC_ISA_USAGE = YES_ERROR;
				CLANG_WARN_DOCUMENTATION_COMMENTS = YES;
				CLANG_WARN_EMPTY_BODY = YES;
				CLANG_WARN_ENUM_CONVERSION = YES;
				CLANG_WARN_INFINITE_RECURSION = YES;
				CLANG_WARN_INT_CONVERSION = YES;
				CLANG_WARN_NON_LITERAL_NULL_CONVERSION = YES;
				CLANG_WARN_OBJC_LITERAL_CONVERSION = YES;
				CLANG_WARN_OBJC_ROOT_CLASS = YES_ERROR;
				CLANG_WARN_RANGE_LOOP_ANALYSIS = YES;
				CLANG_WARN_STRICT_PROTOTYPES = YES;
				CLANG_WARN_SUSPICIOUS_MOVE = YES;
				CLANG_WARN_UNGUARDED_AVAILABILITY = YES_AGGRESSIVE;
				CLANG_WARN_UNREACHABLE_CODE = YES;
				CLANG_WARN__DUPLICATE_METHOD_MATCH = YES;
				CODE_SIGN_IDENTITY = "iPhone Developer";
				COPY_PHASE_STRIP = NO;
				DEBUG_INFORMATION_FORMAT = dwarf;
				ENABLE_STRICT_OBJC_MSGSEND = YES;
				ENABLE_TESTABILITY = YES;
				GCC_C_LANGUAGE_STANDARD = gnu11;
				GCC_DYNAMIC_NO_PIC = NO;
				GCC_NO_COMMON_BLOCKS = YES;
				GCC_OPTIMIZATION_LEVEL = 0;
				GCC_PREPROCESSOR_DEFINITIONS = (
					"DEBUG=1",
					"$(inherited)",
				);
				GCC_WARN_64_TO_32_BIT_CONVERSION = YES;
				GCC_WARN_ABOUT_RETURN_TYPE = YES_ERROR;
				GCC_WARN_UNDECLARED_SELECTOR = YES;
				GCC_WARN_UNINITIALIZED_AUTOS = YES_AGGRESSIVE;
				GCC_WARN_UNUSED_FUNCTION = YES;
				GCC_WARN_UNUSED_VARIABLE = YES;
				IPHONEOS_DEPLOYMENT_TARGET = 11.2;
				MTL_ENABLE_DEBUG_INFO = YES;
				ONLY_ACTIVE_ARCH = YES;
				SDKROOT = iphoneos;
			};
			name = Debug;
		};
		C0097CE92021ECCD0098144A /* Release */ = {
			isa = XCBuildConfiguration;
			buildSettings = {
				ALWAYS_SEARCH_USER_PATHS = NO;
				CLANG_ANALYZER_NONNULL = YES;
				CLANG_ANALYZER_NUMBER_OBJECT_CONVERSION = YES_AGGRESSIVE;
				CLANG_CXX_LANGUAGE_STANDARD = "gnu++14";
				CLANG_CXX_LIBRARY = "libc++";
				CLANG_ENABLE_MODULES = YES;
				CLANG_ENABLE_OBJC_ARC = YES;
				CLANG_WARN_BLOCK_CAPTURE_AUTORELEASING = YES;
				CLANG_WARN_BOOL_CONVERSION = YES;
				CLANG_WARN_COMMA = YES;
				CLANG_WARN_CONSTANT_CONVERSION = YES;
				CLANG_WARN_DIRECT_OBJC_ISA_USAGE = YES_ERROR;
				CLANG_WARN_DOCUMENTATION_COMMENTS = YES;
				CLANG_WARN_EMPTY_BODY = YES;
				CLANG_WARN_ENUM_CONVERSION = YES;
				CLANG_WARN_INFINITE_RECURSION = YES;
				CLANG_WARN_INT_CONVERSION = YES;
				CLANG_WARN_NON_LITERAL_NULL_CONVERSION = YES;
				CLANG_WARN_OBJC_LITERAL_CONVERSION = YES;
				CLANG_WARN_OBJC_ROOT_CLASS = YES_ERROR;
				CLANG_WARN_RANGE_LOOP_ANALYSIS = YES;
				CLANG_WARN_STRICT_PROTOTYPES = YES;
				CLANG_WARN_SUSPICIOUS_MOVE = YES;
				CLANG_WARN_UNGUARDED_AVAILABILITY = YES_AGGRESSIVE;
				CLANG_WARN_UNREACHABLE_CODE = YES;
				CLANG_WARN__DUPLICATE_METHOD_MATCH = YES;
				CODE_SIGN_IDENTITY = "iPhone Developer";
				COPY_PHASE_STRIP = NO;
				DEBUG_INFORMATION_FORMAT = "dwarf-with-dsym";
				ENABLE_NS_ASSERTIONS = NO;
				ENABLE_STRICT_OBJC_MSGSEND = YES;
				GCC_C_LANGUAGE_STANDARD = gnu11;
				GCC_NO_COMMON_BLOCKS = YES;
				GCC_WARN_64_TO_32_BIT_CONVERSION = YES;
				GCC_WARN_ABOUT_RETURN_TYPE = YES_ERROR;
				GCC_WARN_UNDECLARED_SELECTOR = YES;
				GCC_WARN_UNINITIALIZED_AUTOS = YES_AGGRESSIVE;
				GCC_WARN_UNUSED_FUNCTION = YES;
				GCC_WARN_UNUSED_VARIABLE = YES;
				IPHONEOS_DEPLOYMENT_TARGET = 11.2;
				MTL_ENABLE_DEBUG_INFO = NO;
				SDKROOT = iphoneos;
				VALIDATE_PRODUCT = YES;
			};
			name = Release;
		};
		C0097CEB2021ECCD0098144A /* Debug */ = {
			isa = XCBuildConfiguration;
			buildSettings = {
				ASSETCATALOG_COMPILER_APPICON_NAME = AppIcon;
				CODE_SIGN_STYLE = Automatic;
				DEVELOPMENT_TEAM = BWV5CUSLQ8;
				INFOPLIST_FILE = TestFirst/Info.plist;
				LD_RUNPATH_SEARCH_PATHS = "$(inherited) @executable_path/Frameworks";
				PRODUCT_BUNDLE_IDENTIFIER = com.nothing2do.TestFirst;
				PRODUCT_NAME = "$(TARGET_NAME)";
				TARGETED_DEVICE_FAMILY = "1,2";
			};
			name = Debug;
		};
		C0097CEC2021ECCD0098144A /* Release */ = {
			isa = XCBuildConfiguration;
			buildSettings = {
				ASSETCATALOG_COMPILER_APPICON_NAME = AppIcon;
				CODE_SIGN_STYLE = Automatic;
				DEVELOPMENT_TEAM = BWV5CUSLQ8;
				INFOPLIST_FILE = TestFirst/Info.plist;
				LD_RUNPATH_SEARCH_PATHS = "$(inherited) @executable_path/Frameworks";
				PRODUCT_BUNDLE_IDENTIFIER = com.nothing2do.TestFirst;
				PRODUCT_NAME = "$(TARGET_NAME)";
				TARGETED_DEVICE_FAMILY = "1,2";
			};
			name = Release;
		};
		C0097CEE2021ECCD0098144A /* Debug */ = {
			isa = XCBuildConfiguration;
			buildSettings = {
				BUNDLE_LOADER = "$(TEST_HOST)";
				CODE_SIGN_STYLE = Automatic;
				DEVELOPMENT_TEAM = BWV5CUSLQ8;
				INFOPLIST_FILE = TestFirstTests/Info.plist;
				LD_RUNPATH_SEARCH_PATHS = "$(inherited) @executable_path/Frameworks @loader_path/Frameworks";
				PRODUCT_BUNDLE_IDENTIFIER = com.nothing2do.TestFirstTests;
				PRODUCT_NAME = "$(TARGET_NAME)";
				TARGETED_DEVICE_FAMILY = "1,2";
				TEST_HOST = "$(BUILT_PRODUCTS_DIR)/TestFirst.app/TestFirst";
			};
			name = Debug;
		};
		C0097CEF2021ECCD0098144A /* Release */ = {
			isa = XCBuildConfiguration;
			buildSettings = {
				BUNDLE_LOADER = "$(TEST_HOST)";
				CODE_SIGN_STYLE = Automatic;
				DEVELOPMENT_TEAM = BWV5CUSLQ8;
				INFOPLIST_FILE = TestFirstTests/Info.plist;
				LD_RUNPATH_SEARCH_PATHS = "$(inherited) @executable_path/Frameworks @loader_path/Frameworks";
				PRODUCT_BUNDLE_IDENTIFIER = com.nothing2do.TestFirstTests;
				PRODUCT_NAME = "$(TARGET_NAME)";
				TARGETED_DEVICE_FAMILY = "1,2";
				TEST_HOST = "$(BUILT_PRODUCTS_DIR)/TestFirst.app/TestFirst";
			};
			name = Release;
		};
		C0097CF12021ECCD0098144A /* Debug */ = {
			isa = XCBuildConfiguration;
			buildSettings = {
				CODE_SIGN_STYLE = Automatic;
				DEVELOPMENT_TEAM = BWV5CUSLQ8;
				INFOPLIST_FILE = TestFirstUITests/Info.plist;
				LD_RUNPATH_SEARCH_PATHS = "$(inherited) @executable_path/Frameworks @loader_path/Frameworks";
				PRODUCT_BUNDLE_IDENTIFIER = com.nothing2do.TestFirstUITests;
				PRODUCT_NAME = "$(TARGET_NAME)";
				TARGETED_DEVICE_FAMILY = "1,2";
				TEST_TARGET_NAME = TestFirst;
			};
			name = Debug;
		};
		C0097CF22021ECCD0098144A /* Release */ = {
			isa = XCBuildConfiguration;
			buildSettings = {
				CODE_SIGN_STYLE = Automatic;
				DEVELOPMENT_TEAM = BWV5CUSLQ8;
				INFOPLIST_FILE = TestFirstUITests/Info.plist;
				LD_RUNPATH_SEARCH_PATHS = "$(inherited) @executable_path/Frameworks @loader_path/Frameworks";
				PRODUCT_BUNDLE_IDENTIFIER = com.nothing2do.TestFirstUITests;
				PRODUCT_NAME = "$(TARGET_NAME)";
				TARGETED_DEVICE_FAMILY = "1,2";
				TEST_TARGET_NAME = TestFirst;
			};
			name = Release;
		};
/* End XCBuildConfiguration section */

/* Begin XCConfigurationList section */
		C0097CB92021ECCD0098144A /* Build configuration list for PBXProject "TestFirst" */ = {
			isa = XCConfigurationList;
			buildConfigurations = (
				C0097CE82021ECCD0098144A /* Debug */,
				C0097CE92021ECCD0098144A /* Release */,
			);
			defaultConfigurationIsVisible = 0;
			defaultConfigurationName = Release;
		};
		C0097CEA2021ECCD0098144A /* Build configuration list for PBXNativeTarget "TestFirst" */ = {
			isa = XCConfigurationList;
			buildConfigurations = (
				C0097CEB2021ECCD0098144A /* Debug */,
				C0097CEC2021ECCD0098144A /* Release */,
			);
			defaultConfigurationIsVisible = 0;
			defaultConfigurationName = Release;
		};
		C0097CED2021ECCD0098144A /* Build configuration list for PBXNativeTarget "TestFirstTests" */ = {
			isa = XCConfigurationList;
			buildConfigurations = (
				C0097CEE2021ECCD0098144A /* Debug */,
				C0097CEF2021ECCD0098144A /* Release */,
			);
			defaultConfigurationIsVisible = 0;
			defaultConfigurationName = Release;
		};
		C0097CF02021ECCD0098144A /* Build configuration list for PBXNativeTarget "TestFirstUITests" */ = {
			isa = XCConfigurationList;
			buildConfigurations = (
				C0097CF12021ECCD0098144A /* Debug */,
				C0097CF22021ECCD0098144A /* Release */,
			);
			defaultConfigurationIsVisible = 0;
			defaultConfigurationName = Release;
		};
/* End XCConfigurationList section */
	};
	rootObject = C0097CB62021ECCD0098144A /* Project object */;
}
